// !$*UTF8*$!
{
	archiveVersion = 1;
	classes = {
	};
	objectVersion = 50;
	objects = {

/* Begin PBXBuildFile section */
		D9818AF54FBB493115BB24D1 /* Pods_TumblrMusic.framework in Frameworks */ = {isa = PBXBuildFile; fileRef = 647B9656DFFCBDEEDD65E9F7 /* Pods_TumblrMusic.framework */; };
		FA054B37211223250037952E /* if_045_Shuffle_183174.png in Resources */ = {isa = PBXBuildFile; fileRef = FA054B36211223240037952E /* if_045_Shuffle_183174.png */; };
		FA054B3921127B250037952E /* Alamofire.framework in Frameworks */ = {isa = PBXBuildFile; fileRef = FA054B3821127B250037952E /* Alamofire.framework */; };
		FA6898D52110E1080090C25E /* AVFoundation.framework in Frameworks */ = {isa = PBXBuildFile; fileRef = FA6898D42110E1080090C25E /* AVFoundation.framework */; };
		FA95A8B721078C2300D63A14 /* AppDelegate.swift in Sources */ = {isa = PBXBuildFile; fileRef = FA95A8B621078C2300D63A14 /* AppDelegate.swift */; };
		FA95A8B921078C2300D63A14 /* ViewController.swift in Sources */ = {isa = PBXBuildFile; fileRef = FA95A8B821078C2300D63A14 /* ViewController.swift */; };
		FA95A8BC21078C2300D63A14 /* Main.storyboard in Resources */ = {isa = PBXBuildFile; fileRef = FA95A8BA21078C2300D63A14 /* Main.storyboard */; };
		FA95A8BE21078C2500D63A14 /* Assets.xcassets in Resources */ = {isa = PBXBuildFile; fileRef = FA95A8BD21078C2500D63A14 /* Assets.xcassets */; };
		FA95A8C121078C2500D63A14 /* LaunchScreen.storyboard in Resources */ = {isa = PBXBuildFile; fileRef = FA95A8BF21078C2500D63A14 /* LaunchScreen.storyboard */; };
		FAA6A01D21079E6200F321D2 /* MusicListTableViewController.swift in Sources */ = {isa = PBXBuildFile; fileRef = FAA6A01C21079E6200F321D2 /* MusicListTableViewController.swift */; };
		FAD8AAA12108EC6A00FE170C /* NetworkService.swift in Sources */ = {isa = PBXBuildFile; fileRef = FAD8AAA02108EC6A00FE170C /* NetworkService.swift */; };
/* End PBXBuildFile section */

/* Begin PBXFileReference section */
		647B9656DFFCBDEEDD65E9F7 /* Pods_TumblrMusic.framework */ = {isa = PBXFileReference; explicitFileType = wrapper.framework; includeInIndex = 0; path = Pods_TumblrMusic.framework; sourceTree = BUILT_PRODUCTS_DIR; };
		AFD7B7D0BF54E479CB828FBA /* Pods-TumblrMusic.debug.xcconfig */ = {isa = PBXFileReference; includeInIndex = 1; lastKnownFileType = text.xcconfig; name = "Pods-TumblrMusic.debug.xcconfig"; path = "Pods/Target Support Files/Pods-TumblrMusic/Pods-TumblrMusic.debug.xcconfig"; sourceTree = "<group>"; };
		FA054B36211223240037952E /* if_045_Shuffle_183174.png */ = {isa = PBXFileReference; lastKnownFileType = image.png; name = if_045_Shuffle_183174.png; path = ../../../../Desktop/if_045_Shuffle_183174.png; sourceTree = "<group>"; };
		FA054B3821127B250037952E /* Alamofire.framework */ = {isa = PBXFileReference; explicitFileType = wrapper.framework; path = Alamofire.framework; sourceTree = BUILT_PRODUCTS_DIR; };
		FA6898D42110E1080090C25E /* AVFoundation.framework */ = {isa = PBXFileReference; lastKnownFileType = wrapper.framework; name = AVFoundation.framework; path = System/Library/Frameworks/AVFoundation.framework; sourceTree = SDKROOT; };
		FA95A8B321078C2300D63A14 /* TumblrMusic.app */ = {isa = PBXFileReference; explicitFileType = wrapper.application; includeInIndex = 0; path = TumblrMusic.app; sourceTree = BUILT_PRODUCTS_DIR; };
		FA95A8B621078C2300D63A14 /* AppDelegate.swift */ = {isa = PBXFileReference; lastKnownFileType = sourcecode.swift; path = AppDelegate.swift; sourceTree = "<group>"; };
		FA95A8B821078C2300D63A14 /* ViewController.swift */ = {isa = PBXFileReference; lastKnownFileType = sourcecode.swift; path = ViewController.swift; sourceTree = "<group>"; };
		FA95A8BB21078C2300D63A14 /* Base */ = {isa = PBXFileReference; lastKnownFileType = file.storyboard; name = Base; path = Base.lproj/Main.storyboard; sourceTree = "<group>"; };
		FA95A8BD21078C2500D63A14 /* Assets.xcassets */ = {isa = PBXFileReference; lastKnownFileType = folder.assetcatalog; path = Assets.xcassets; sourceTree = "<group>"; };
		FA95A8C021078C2500D63A14 /* Base */ = {isa = PBXFileReference; lastKnownFileType = file.storyboard; name = Base; path = Base.lproj/LaunchScreen.storyboard; sourceTree = "<group>"; };
		FA95A8C221078C2500D63A14 /* Info.plist */ = {isa = PBXFileReference; lastKnownFileType = text.plist.xml; path = Info.plist; sourceTree = "<group>"; };
		FAA6A01C21079E6200F321D2 /* MusicListTableViewController.swift */ = {isa = PBXFileReference; lastKnownFileType = sourcecode.swift; path = MusicListTableViewController.swift; sourceTree = "<group>"; };
		FAD8AAA02108EC6A00FE170C /* NetworkService.swift */ = {isa = PBXFileReference; lastKnownFileType = sourcecode.swift; path = NetworkService.swift; sourceTree = "<group>"; };
		FE890C6B3DB931BD821D0480 /* Pods-TumblrMusic.release.xcconfig */ = {isa = PBXFileReference; includeInIndex = 1; lastKnownFileType = text.xcconfig; name = "Pods-TumblrMusic.release.xcconfig"; path = "Pods/Target Support Files/Pods-TumblrMusic/Pods-TumblrMusic.release.xcconfig"; sourceTree = "<group>"; };
/* End PBXFileReference section */

/* Begin PBXFrameworksBuildPhase section */
		FA95A8B021078C2300D63A14 /* Frameworks */ = {
			isa = PBXFrameworksBuildPhase;
			buildActionMask = 2147483647;
			files = (
				FA054B3921127B250037952E /* Alamofire.framework in Frameworks */,
				FA6898D52110E1080090C25E /* AVFoundation.framework in Frameworks */,
				D9818AF54FBB493115BB24D1 /* Pods_TumblrMusic.framework in Frameworks */,
			);
			runOnlyForDeploymentPostprocessing = 0;
		};
/* End PBXFrameworksBuildPhase section */

/* Begin PBXGroup section */
		1F8C4EA7EDC8A0859ACBDF1B /* Pods */ = {
			isa = PBXGroup;
			children = (
				AFD7B7D0BF54E479CB828FBA /* Pods-TumblrMusic.debug.xcconfig */,
				FE890C6B3DB931BD821D0480 /* Pods-TumblrMusic.release.xcconfig */,
			);
			name = Pods;
			sourceTree = "<group>";
		};
		E633CDEFE140A43BB6726D68 /* Frameworks */ = {
			isa = PBXGroup;
			children = (
				FA054B3821127B250037952E /* Alamofire.framework */,
				FA6898D42110E1080090C25E /* AVFoundation.framework */,
				647B9656DFFCBDEEDD65E9F7 /* Pods_TumblrMusic.framework */,
			);
			name = Frameworks;
			sourceTree = "<group>";
		};
		FA95A8AA21078C2200D63A14 = {
			isa = PBXGroup;
			children = (
				FA95A8B521078C2300D63A14 /* TumblrMusic */,
				FA95A8B421078C2300D63A14 /* Products */,
				1F8C4EA7EDC8A0859ACBDF1B /* Pods */,
				E633CDEFE140A43BB6726D68 /* Frameworks */,
			);
			sourceTree = "<group>";
		};
		FA95A8B421078C2300D63A14 /* Products */ = {
			isa = PBXGroup;
			children = (
				FA95A8B321078C2300D63A14 /* TumblrMusic.app */,
			);
			name = Products;
			sourceTree = "<group>";
		};
		FA95A8B521078C2300D63A14 /* TumblrMusic */ = {
			isa = PBXGroup;
			children = (
				FA054B36211223240037952E /* if_045_Shuffle_183174.png */,
				FAD8AA9F2108EC5000FE170C /* Network */,
				FA95A8B621078C2300D63A14 /* AppDelegate.swift */,
				FAA6A01B21079A0E00F321D2 /* ViewControllers */,
				FAA6A01A210799F100F321D2 /* storyboards */,
				FA95A8BD21078C2500D63A14 /* Assets.xcassets */,
				FA95A8C221078C2500D63A14 /* Info.plist */,
			);
			path = TumblrMusic;
			sourceTree = "<group>";
		};
		FAA6A01A210799F100F321D2 /* storyboards */ = {
			isa = PBXGroup;
			children = (
				FA95A8BA21078C2300D63A14 /* Main.storyboard */,
				FA95A8BF21078C2500D63A14 /* LaunchScreen.storyboard */,
			);
			path = storyboards;
			sourceTree = "<group>";
		};
		FAA6A01B21079A0E00F321D2 /* ViewControllers */ = {
			isa = PBXGroup;
			children = (
				FAA6A01C21079E6200F321D2 /* MusicListTableViewController.swift */,
				FA95A8B821078C2300D63A14 /* ViewController.swift */,
			);
			path = ViewControllers;
			sourceTree = "<group>";
		};
		FAD8AA9F2108EC5000FE170C /* Network */ = {
			isa = PBXGroup;
			children = (
				FAD8AAA02108EC6A00FE170C /* NetworkService.swift */,
			);
			name = Network;
			sourceTree = "<group>";
		};
/* End PBXGroup section */

/* Begin PBXNativeTarget section */
		FA95A8B221078C2300D63A14 /* TumblrMusic */ = {
			isa = PBXNativeTarget;
			buildConfigurationList = FA95A8C521078C2500D63A14 /* Build configuration list for PBXNativeTarget "TumblrMusic" */;
			buildPhases = (
				6130EF88BEA6BE82928F6939 /* [CP] Check Pods Manifest.lock */,
				FA95A8AF21078C2300D63A14 /* Sources */,
				FA95A8B021078C2300D63A14 /* Frameworks */,
				FA95A8B121078C2300D63A14 /* Resources */,
				0BC5F9382EF9BDB8C5B3D2AE /* [CP] Embed Pods Frameworks */,
			);
			buildRules = (
			);
			dependencies = (
			);
			name = TumblrMusic;
			productName = TumblrMusic;
			productReference = FA95A8B321078C2300D63A14 /* TumblrMusic.app */;
			productType = "com.apple.product-type.application";
		};
/* End PBXNativeTarget section */

/* Begin PBXProject section */
		FA95A8AB21078C2200D63A14 /* Project object */ = {
			isa = PBXProject;
			attributes = {
				LastSwiftUpdateCheck = 0940;
				LastUpgradeCheck = 0940;
				ORGANIZATIONNAME = makeschool;
				TargetAttributes = {
					FA95A8B221078C2300D63A14 = {
						CreatedOnToolsVersion = 9.4.1;
					};
				};
			};
			buildConfigurationList = FA95A8AE21078C2200D63A14 /* Build configuration list for PBXProject "TumblrMusic" */;
			compatibilityVersion = "Xcode 9.3";
			developmentRegion = en;
			hasScannedForEncodings = 0;
			knownRegions = (
				en,
				Base,
			);
			mainGroup = FA95A8AA21078C2200D63A14;
			productRefGroup = FA95A8B421078C2300D63A14 /* Products */;
			projectDirPath = "";
			projectRoot = "";
			targets = (
				FA95A8B221078C2300D63A14 /* TumblrMusic */,
			);
		};
/* End PBXProject section */

/* Begin PBXResourcesBuildPhase section */
		FA95A8B121078C2300D63A14 /* Resources */ = {
			isa = PBXResourcesBuildPhase;
			buildActionMask = 2147483647;
			files = (
				FA95A8C121078C2500D63A14 /* LaunchScreen.storyboard in Resources */,
				FA95A8BE21078C2500D63A14 /* Assets.xcassets in Resources */,
				FA054B37211223250037952E /* if_045_Shuffle_183174.png in Resources */,
				FA95A8BC21078C2300D63A14 /* Main.storyboard in Resources */,
			);
			runOnlyForDeploymentPostprocessing = 0;
		};
/* End PBXResourcesBuildPhase section */

/* Begin PBXShellScriptBuildPhase section */
		0BC5F9382EF9BDB8C5B3D2AE /* [CP] Embed Pods Frameworks */ = {
			isa = PBXShellScriptBuildPhase;
			buildActionMask = 2147483647;
			files = (
			);
			inputPaths = (
				"${SRCROOT}/Pods/Target Support Files/Pods-TumblrMusic/Pods-TumblrMusic-frameworks.sh",
				"${BUILT_PRODUCTS_DIR}/Alamofire/Alamofire.framework",
				"${BUILT_PRODUCTS_DIR}/Kingfisher/Kingfisher.framework",
				"${BUILT_PRODUCTS_DIR}/SwiftyJSON/SwiftyJSON.framework",
			);
			name = "[CP] Embed Pods Frameworks";
			outputPaths = (
				"${TARGET_BUILD_DIR}/${FRAMEWORKS_FOLDER_PATH}/Alamofire.framework",
				"${TARGET_BUILD_DIR}/${FRAMEWORKS_FOLDER_PATH}/Kingfisher.framework",
				"${TARGET_BUILD_DIR}/${FRAMEWORKS_FOLDER_PATH}/SwiftyJSON.framework",
			);
			runOnlyForDeploymentPostprocessing = 0;
			shellPath = /bin/sh;
			shellScript = "\"${SRCROOT}/Pods/Target Support Files/Pods-TumblrMusic/Pods-TumblrMusic-frameworks.sh\"\n";
			showEnvVarsInLog = 0;
		};
		6130EF88BEA6BE82928F6939 /* [CP] Check Pods Manifest.lock */ = {
			isa = PBXShellScriptBuildPhase;
			buildActionMask = 2147483647;
			files = (
			);
			inputPaths = (
				"${PODS_PODFILE_DIR_PATH}/Podfile.lock",
				"${PODS_ROOT}/Manifest.lock",
			);
			name = "[CP] Check Pods Manifest.lock";
			outputPaths = (
				"$(DERIVED_FILE_DIR)/Pods-TumblrMusic-checkManifestLockResult.txt",
			);
			runOnlyForDeploymentPostprocessing = 0;
			shellPath = /bin/sh;
			shellScript = "diff \"${PODS_PODFILE_DIR_PATH}/Podfile.lock\" \"${PODS_ROOT}/Manifest.lock\" > /dev/null\nif [ $? != 0 ] ; then\n    # print error to STDERR\n    echo \"error: The sandbox is not in sync with the Podfile.lock. Run 'pod install' or update your CocoaPods installation.\" >&2\n    exit 1\nfi\n# This output is used by Xcode 'outputs' to avoid re-running this script phase.\necho \"SUCCESS\" > \"${SCRIPT_OUTPUT_FILE_0}\"\n";
			showEnvVarsInLog = 0;
		};
/* End PBXShellScriptBuildPhase section */

/* Begin PBXSourcesBuildPhase section */
		FA95A8AF21078C2300D63A14 /* Sources */ = {
			isa = PBXSourcesBuildPhase;
			buildActionMask = 2147483647;
			files = (
				FA95A8B921078C2300D63A14 /* ViewController.swift in Sources */,
				FA95A8B721078C2300D63A14 /* AppDelegate.swift in Sources */,
				FAD8AAA12108EC6A00FE170C /* NetworkService.swift in Sources */,
				FAA6A01D21079E6200F321D2 /* MusicListTableViewController.swift in Sources */,
			);
			runOnlyForDeploymentPostprocessing = 0;
		};
/* End PBXSourcesBuildPhase section */

/* Begin PBXVariantGroup section */
		FA95A8BA21078C2300D63A14 /* Main.storyboard */ = {
			isa = PBXVariantGroup;
			children = (
				FA95A8BB21078C2300D63A14 /* Base */,
			);
			name = Main.storyboard;
			sourceTree = "<group>";
		};
		FA95A8BF21078C2500D63A14 /* LaunchScreen.storyboard */ = {
			isa = PBXVariantGroup;
			children = (
				FA95A8C021078C2500D63A14 /* Base */,
			);
			name = LaunchScreen.storyboard;
			sourceTree = "<group>";
		};
/* End PBXVariantGroup section */

/* Begin XCBuildConfiguration section */
		FA95A8C321078C2500D63A14 /* Debug */ = {
			isa = XCBuildConfiguration;
			buildSettings = {
				ALWAYS_SEARCH_USER_PATHS = NO;
				CLANG_ANALYZER_NONNULL = YES;
				CLANG_ANALYZER_NUMBER_OBJECT_CONVERSION = YES_AGGRESSIVE;
				CLANG_CXX_LANGUAGE_STANDARD = "gnu++14";
				CLANG_CXX_LIBRARY = "libc++";
				CLANG_ENABLE_MODULES = YES;
				CLANG_ENABLE_OBJC_ARC = YES;
				CLANG_ENABLE_OBJC_WEAK = YES;
				CLANG_WARN_BLOCK_CAPTURE_AUTORELEASING = YES;
				CLANG_WARN_BOOL_CONVERSION = YES;
				CLANG_WARN_COMMA = YES;
				CLANG_WARN_CONSTANT_CONVERSION = YES;
				CLANG_WARN_DEPRECATED_OBJC_IMPLEMENTATIONS = YES;
				CLANG_WARN_DIRECT_OBJC_ISA_USAGE = YES_ERROR;
				CLANG_WARN_DOCUMENTATION_COMMENTS = YES;
				CLANG_WARN_EMPTY_BODY = YES;
				CLANG_WARN_ENUM_CONVERSION = YES;
				CLANG_WARN_INFINITE_RECURSION = YES;
				CLANG_WARN_INT_CONVERSION = YES;
				CLANG_WARN_NON_LITERAL_NULL_CONVERSION = YES;
				CLANG_WARN_OBJC_IMPLICIT_RETAIN_SELF = YES;
				CLANG_WARN_OBJC_LITERAL_CONVERSION = YES;
				CLANG_WARN_OBJC_ROOT_CLASS = YES_ERROR;
				CLANG_WARN_RANGE_LOOP_ANALYSIS = YES;
				CLANG_WARN_STRICT_PROTOTYPES = YES;
				CLANG_WARN_SUSPICIOUS_MOVE = YES;
				CLANG_WARN_UNGUARDED_AVAILABILITY = YES_AGGRESSIVE;
				CLANG_WARN_UNREACHABLE_CODE = YES;
				CLANG_WARN__DUPLICATE_METHOD_MATCH = YES;
				CODE_SIGN_IDENTITY = "iPhone Developer";
				COPY_PHASE_STRIP = NO;
				DEBUG_INFORMATION_FORMAT = dwarf;
				ENABLE_STRICT_OBJC_MSGSEND = YES;
				ENABLE_TESTABILITY = YES;
				GCC_C_LANGUAGE_STANDARD = gnu11;
				GCC_DYNAMIC_NO_PIC = NO;
				GCC_NO_COMMON_BLOCKS = YES;
				GCC_OPTIMIZATION_LEVEL = 0;
				GCC_PREPROCESSOR_DEFINITIONS = (
					"DEBUG=1",
					"$(inherited)",
				);
				GCC_WARN_64_TO_32_BIT_CONVERSION = YES;
				GCC_WARN_ABOUT_RETURN_TYPE = YES_ERROR;
				GCC_WARN_UNDECLARED_SELECTOR = YES;
				GCC_WARN_UNINITIALIZED_AUTOS = YES_AGGRESSIVE;
				GCC_WARN_UNUSED_FUNCTION = YES;
				GCC_WARN_UNUSED_VARIABLE = YES;
				IPHONEOS_DEPLOYMENT_TARGET = 11.4;
				MTL_ENABLE_DEBUG_INFO = YES;
				ONLY_ACTIVE_ARCH = YES;
				SDKROOT = iphoneos;
				SWIFT_ACTIVE_COMPILATION_CONDITIONS = DEBUG;
				SWIFT_OPTIMIZATION_LEVEL = "-Onone";
			};
			name = Debug;
		};
		FA95A8C421078C2500D63A14 /* Release */ = {
			isa = XCBuildConfiguration;
			buildSettings = {
				ALWAYS_SEARCH_USER_PATHS = NO;
				CLANG_ANALYZER_NONNULL = YES;
				CLANG_ANALYZER_NUMBER_OBJECT_CONVERSION = YES_AGGRESSIVE;
				CLANG_CXX_LANGUAGE_STANDARD = "gnu++14";
				CLANG_CXX_LIBRARY = "libc++";
				CLANG_ENABLE_MODULES = YES;
				CLANG_ENABLE_OBJC_ARC = YES;
				CLANG_ENABLE_OBJC_WEAK = YES;
				CLANG_WARN_BLOCK_CAPTURE_AUTORELEASING = YES;
				CLANG_WARN_BOOL_CONVERSION = YES;
				CLANG_WARN_COMMA = YES;
				CLANG_WARN_CONSTANT_CONVERSION = YES;
				CLANG_WARN_DEPRECATED_OBJC_IMPLEMENTATIONS = YES;
				CLANG_WARN_DIRECT_OBJC_ISA_USAGE = YES_ERROR;
				CLANG_WARN_DOCUMENTATION_COMMENTS = YES;
				CLANG_WARN_EMPTY_BODY = YES;
				CLANG_WARN_ENUM_CONVERSION = YES;
				CLANG_WARN_INFINITE_RECURSION = YES;
				CLANG_WARN_INT_CONVERSION = YES;
				CLANG_WARN_NON_LITERAL_NULL_CONVERSION = YES;
				CLANG_WARN_OBJC_IMPLICIT_RETAIN_SELF = YES;
				CLANG_WARN_OBJC_LITERAL_CONVERSION = YES;
				CLANG_WARN_OBJC_ROOT_CLASS = YES_ERROR;
				CLANG_WARN_RANGE_LOOP_ANALYSIS = YES;
				CLANG_WARN_STRICT_PROTOTYPES = YES;
				CLANG_WARN_SUSPICIOUS_MOVE = YES;
				CLANG_WARN_UNGUARDED_AVAILABILITY = YES_AGGRESSIVE;
				CLANG_WARN_UNREACHABLE_CODE = YES;
				CLANG_WARN__DUPLICATE_METHOD_MATCH = YES;
				CODE_SIGN_IDENTITY = "iPhone Developer";
				COPY_PHASE_STRIP = NO;
				DEBUG_INFORMATION_FORMAT = "dwarf-with-dsym";
				ENABLE_NS_ASSERTIONS = NO;
				ENABLE_STRICT_OBJC_MSGSEND = YES;
				GCC_C_LANGUAGE_STANDARD = gnu11;
				GCC_NO_COMMON_BLOCKS = YES;
				GCC_WARN_64_TO_32_BIT_CONVERSION = YES;
				GCC_WARN_ABOUT_RETURN_TYPE = YES_ERROR;
				GCC_WARN_UNDECLARED_SELECTOR = YES;
				GCC_WARN_UNINITIALIZED_AUTOS = YES_AGGRESSIVE;
				GCC_WARN_UNUSED_FUNCTION = YES;
				GCC_WARN_UNUSED_VARIABLE = YES;
				IPHONEOS_DEPLOYMENT_TARGET = 11.4;
				MTL_ENABLE_DEBUG_INFO = NO;
				SDKROOT = iphoneos;
				SWIFT_COMPILATION_MODE = wholemodule;
				SWIFT_OPTIMIZATION_LEVEL = "-O";
				VALIDATE_PRODUCT = YES;
			};
			name = Release;
		};
		FA95A8C621078C2500D63A14 /* Debug */ = {
			isa = XCBuildConfiguration;
			baseConfigurationReference = AFD7B7D0BF54E479CB828FBA /* Pods-TumblrMusic.debug.xcconfig */;
			buildSettings = {
				ASSETCATALOG_COMPILER_APPICON_NAME = AppIcon;
				CODE_SIGN_STYLE = Automatic;
				INFOPLIST_FILE = TumblrMusic/Info.plist;
				LD_RUNPATH_SEARCH_PATHS = (
					"$(inherited)",
					"@executable_path/Frameworks",
				);
				PRODUCT_BUNDLE_IDENTIFIER = com.makeschool.TumblrMusic;
				PRODUCT_NAME = "$(TARGET_NAME)";
				SWIFT_VERSION = 4.0;
				TARGETED_DEVICE_FAMILY = "1,2";
			};
			name = Debug;
		};
		FA95A8C721078C2500D63A14 /* Release */ = {
			isa = XCBuildConfiguration;
			baseConfigurationReference = FE890C6B3DB931BD821D0480 /* Pods-TumblrMusic.release.xcconfig */;
			buildSettings = {
				ASSETCATALOG_COMPILER_APPICON_NAME = AppIcon;
				CODE_SIGN_STYLE = Automatic;
				INFOPLIST_FILE = TumblrMusic/Info.plist;
				LD_RUNPATH_SEARCH_PATHS = (
					"$(inherited)",
					"@executable_path/Frameworks",
				);
				PRODUCT_BUNDLE_IDENTIFIER = com.makeschool.TumblrMusic;
				PRODUCT_NAME = "$(TARGET_NAME)";
				SWIFT_VERSION = 4.0;
				TARGETED_DEVICE_FAMILY = "1,2";
			};
			name = Release;
		};
/* End XCBuildConfiguration section */

/* Begin XCConfigurationList section */
		FA95A8AE21078C2200D63A14 /* Build configuration list for PBXProject "TumblrMusic" */ = {
			isa = XCConfigurationList;
			buildConfigurations = (
				FA95A8C321078C2500D63A14 /* Debug */,
				FA95A8C421078C2500D63A14 /* Release */,
			);
			defaultConfigurationIsVisible = 0;
			defaultConfigurationName = Release;
		};
		FA95A8C521078C2500D63A14 /* Build configuration list for PBXNativeTarget "TumblrMusic" */ = {
			isa = XCConfigurationList;
			buildConfigurations = (
				FA95A8C621078C2500D63A14 /* Debug */,
				FA95A8C721078C2500D63A14 /* Release */,
			);
			defaultConfigurationIsVisible = 0;
			defaultConfigurationName = Release;
		};
/* End XCConfigurationList section */
	};
	rootObject = FA95A8AB21078C2200D63A14 /* Project object */;
}
